github.com/aws/aws-lambda-go v1.42.0 h1:U4QKkxLp/il15RJGAANxiT9VumQzimsUER7gokqA0+c=
github.com/aws/aws-lambda-go v1.42.0/go.mod h1:dpMpZgvWx5vuQJfBt0zqBha60q7Dd7RfgJv23DymV8A=
github.com/aws/aws-sdk-go v1.49.4 h1:qiXsqEeLLhdLgUIyfr5ot+N/dGPWALmtM1SetRmbUlY=
github.com/aws/aws-sdk-go v1.49.4/go.mod h1:LF8svs817+Nz+DmiMQKTO3ubZ/6IaTpq3TjupRn3Eqk=
